{
  "name": "create-paseto",
  "version": "1.0.0",
  "lockfileVersion": 3,
  "requires": true,
  "packages": {
    "": {
      "name": "create-paseto",
      "version": "1.0.0",
      "license": "MIT",
      "dependencies": {
        "paseto.js": "^0.1.7"
      },
      "bin": {
        "create-paseto": "bin/index.js"
      }
    },
    "node_modules/libsodium-sumo": {
      "version": "0.7.13",
      "resolved": "https://registry.npmjs.org/libsodium-sumo/-/libsodium-sumo-0.7.13.tgz",
      "integrity": "sha512-zTGdLu4b9zSNLfovImpBCbdAA4xkpkZbMnSQjP8HShyOutnGjRHmSOKlsylh1okao6QhLiz7nG98EGn+04cZjQ=="
    },
    "node_modules/libsodium-wrappers-sumo": {
      "version": "0.7.9",
      "resolved": "https://registry.npmjs.org/libsodium-wrappers-sumo/-/libsodium-wrappers-sumo-0.7.9.tgz",
      "integrity": "sha512-XLgLkqY973PngrRElbjOH0y7bJKYEfMWVpWPmW5iuhBjO6zXvHYQWtN52MVEeie/h98ZXN1Aw9BE+GzxQVAfLg==",
      "dependencies": {
        "libsodium-sumo": "^0.7.0"
      }
    },
    "node_modules/nan": {
      "version": "2.18.0",
      "resolved": "https://registry.npmjs.org/nan/-/nan-2.18.0.tgz",
      "integrity": "sha512-W7tfG7vMOGtD30sHoZSSc/JVYiyDPEyQVso/Zz+/uQd0B0L46gtC+pHha5FFMRpil6fm/AoEcRWyOVi4+E/f8w=="
    },
    "node_modules/paseto.js": {
      "version": "0.1.7",
      "resolved": "https://registry.npmjs.org/paseto.js/-/paseto.js-0.1.7.tgz",
      "integrity": "sha512-WKExhDdcUmpEv9S2ufSuvjRcFQD1RPa5WL94euCmcQ7p/o0hcJuidRTKVx/YQ4f5VqAdz6Eyx7qs77QS8cA/+Q==",
      "hasInstallScript": true,
      "dependencies": {
        "libsodium-wrappers-sumo": "0.7.9",
        "nan": "^2.14.0"
      }
    }
  }
}
